# This file is autogenerated, do not edit; changes may be undone by the next 'dep ensure'.


[[projects]]
  name = "github.com/flosch/pongo2"
  packages = ["."]
  revision = "5e81b817a0c48c1c57cdf1a9056cf76bdee02ca9"
  version = "v3.0"

[[projects]]
  name = "github.com/gorilla/context"
  packages = ["."]
  revision = "1ea25387ff6f684839d82767c1733ff4d4d15d0a"
  version = "v1.1"

[[projects]]
  name = "github.com/gorilla/handlers"
  packages = ["."]
  revision = "a4043c62cc2329bacda331d33fc908ab11ef0ec3"
  version = "v1.2.1"

[[projects]]
  name = "github.com/gorilla/mux"
  packages = ["."]
  revision = "24fca303ac6da784b9e8269f724ddeb0b2eea5e7"
  version = "v1.5.0"

[[projects]]
  name = "github.com/gorilla/securecookie"
  packages = ["."]
  revision = "667fe4e3466a040b780561fe9b51a83a3753eefc"
  version = "v1.1"

[[projects]]
  name = "github.com/gorilla/sessions"
  packages = ["."]
  revision = "ca9ada44574153444b00d3fd9c8559e4cc95f896"
  version = "v1.1"

[[projects]]
  branch = "master"
  name = "github.com/haisum/recaptcha"
  packages = ["."]
  revision = "7d3b8053900e7a0f549a11e800649a5fa950700f"

[[projects]]
  branch = "master"
  name = "github.com/heroku/x"
  packages = ["hmetrics","hmetrics/onload"]
  revision = "705849e307dd75c91728463dea5bfd08ef493e64"

[[projects]]
  name = "github.com/jonahgeorge/force-ssl-heroku"
  packages = ["."]
  revision = "38a34d322659dbe9d312bad0ee5f79aedc7b0bc3"
  version = "v1.0.0"

[[projects]]
  branch = "master"
  name = "github.com/jonahgeorge/letterdrop"
  packages = ["mailers","models","repositories"]
  revision = "f608a5d38aa9d6f0e6fa4730d46fd2c460d2d300"

[[projects]]
  branch = "master"
  name = "github.com/lib/pq"
  packages = [".","oid"]
  revision = "b0d5024adb34b4122c6ee7eeb6ab511f7223222d"

[[projects]]
  name = "github.com/mssola/user_agent"
  packages = ["."]
  revision = "85b2f5798558a46fc23443c596e781712f4b7792"
  version = "v0.4.1"

[[projects]]
  name = "github.com/sendgrid/rest"
  packages = ["."]
  revision = "80b39aaf5a30edab5bf2f99d56052abe01a0d41d"
  version = "v2.4.0"

[[projects]]
  name = "github.com/sendgrid/sendgrid-go"
  packages = [".","helpers/mail"]
  revision = "8caf17aa96b4a98bae8bd216878dd50ff12897b5"
  version = "v3.4.1"

[[projects]]
  branch = "master"
  name = "github.com/tuvistavie/securerandom"
  packages = ["."]
  revision = "15512123a948d62f6361bd84818e11f2ad84059a"

[solve-meta]
  analyzer-name = "dep"
  analyzer-version = 1
  inputs-digest = "031dfbaf7f53950fe5d4976769c76a278461f876cb08a56ae85fcee854a0fafc"
  solver-name = "gps-cdcl"
  solver-version = 1
